
Microsoft Visual Studio Solution File, Format Version 12.00
# Visual Studio Version 17
VisualStudioVersion = 17.3.32819.101
MinimumVisualStudioVersion = 10.0.40219.1
Project("{8BC9CEB8-8B4A-11D0-8D11-00A0C91BC942}") = "helloWorldGit", "helloWorldGit\helloWorldGit.vcxproj", "{47E06DD8-F1B0-4130-88E0-4D0781DABCD1}"
EndProject
Global
	GlobalSection(SolutionConfigurationPlatforms) = preSolution
		Debug|x64 = Debug|x64
		Debug|x86 = Debug|x86
		Release|x64 = Release|x64
		Release|x86 = Release|x86
	EndGlobalSection
	GlobalSection(ProjectConfigurationPlatforms) = postSolution
		{47E06DD8-F1B0-4130-88E0-4D0781DABCD1}.Debug|x64.ActiveCfg = Debug|x64
		{47E06DD8-F1B0-4130-88E0-4D0781DABCD1}.Debug|x64.Build.0 = Debug|x64
		{47E06DD8-F1B0-4130-88E0-4D0781DABCD1}.Debug|x86.ActiveCfg = Debug|Win32
		{47E06DD8-F1B0-4130-88E0-4D0781DABCD1}.Debug|x86.Build.0 = Debug|Win32
		{47E06DD8-F1B0-4130-88E0-4D0781DABCD1}.Release|x64.ActiveCfg = Release|x64
		{47E06DD8-F1B0-4130-88E0-4D0781DABCD1}.Release|x64.Build.0 = Release|x64
		{47E06DD8-F1B0-4130-88E0-4D0781DABCD1}.Release|x86.ActiveCfg = Release|Win32
		{47E06DD8-F1B0-4130-88E0-4D0781DABCD1}.Release|x86.Build.0 = Release|Win32
	EndGlobalSection
	GlobalSection(SolutionProperties) = preSolution
		HideSolutionNode = FALSE
	EndGlobalSection
	GlobalSection(ExtensibilityGlobals) = postSolution
		SolutionGuid = {E7B8D39F-D02F-4D78-A5AC-2DF3A660F1C1}
	EndGlobalSection
EndGlobal
